lockfileVersion: '9.0'

settings:
  autoInstallPeers: true
  excludeLinksFromLockfile: false

overrides:
  ws: 8.21.0

importers:

  .:
    dependencies:
      langsmith:
        specifier: file:../../..
        version: file:../../..(@opentelemetry/api@1.9.1)(@opentelemetry/exporter-trace-otlp-proto@0.219.0(@opentelemetry/api@1.9.1))(@opentelemetry/sdk-trace-base@2.9.0(@opentelemetry/api@1.9.1))(openai@6.45.0(ws@8.21.0)(zod@4.4.3))(ws@8.21.0)
    devDependencies:
      wrangler:
        specifier: ^4.110.0
        version: 4.110.0

packages:

  '@cloudflare/kv-asset-handler@0.5.0':
    resolution: {integrity: sha512-jxQYkj8dSIzc0cD6cMMNdOc1UVjqSqu8BZdor5s8cGjW2I8BjODt/kWPVdY+u9zj3ms75Q5qaZgnxUad83+eAg==}
    engines: {node: '>=22.0.0'}

  '@cloudflare/unenv-preset@2.16.1':
    resolution: {integrity: sha512-ECxObrMfyTl5bhQf/lZCXwo5G6xX9IAUo+nDMKK4SZ8m4Jvvxp52vilxyySSWh2YTZz8+HQ07qGH/2rEom1vDw==}
    peerDependencies:
      unenv: 2.0.0-rc.24
      workerd: '>1.20260305.0 <2.0.0-0'
    peerDependenciesMeta:
      workerd:
        optional: true

  '@cloudflare/workerd-darwin-64@1.20260708.1':
    resolution: {integrity: sha512-HXFCvhS1wpg3uXO0CLUwmwC41i2loM5FSK69EUchOBpmYBAXxT1oHLm6EOA5lqhTk5Mu9kjRiQYxa1GwKPwfJg==}
    engines: {node: '>=16'}
    cpu: [x64]
    os: [darwin]

  '@cloudflare/workerd-darwin-arm64@1.20260708.1':
    resolution: {integrity: sha512-JVlJaKDoRTVKSroHIlf8g3UCPjKj4iDbMZE2CNYht5qQ+2rL0FAUiVlV82G3BqKnnw9kHYnnsMzC08b9zVtdzA==}
    engines: {node: '>=16'}
    cpu: [arm64]
    os: [darwin]

  '@cloudflare/workerd-linux-64@1.20260708.1':
    resolution: {integrity: sha512-3daE60YdD7YX0Jtuzc9DE/r/qMkmx8ZvHTkF8Mzmp3F5tbzlV0DAzmu5PFUPF2WuvtKbAhZKbvC2cHmWpQYxnA==}
    engines: {node: '>=16'}
    cpu: [x64]
    os: [linux]

  '@cloudflare/workerd-linux-arm64@1.20260708.1':
    resolution: {integrity: sha512-VLdNYOx5Hj+9C6isy0ACWZsbMtSxex2DIJWEe7cZxUdlphZ58ZT8zxNXK8yunFiowd34hn3VwGMopdvdj8lvmA==}
    engines: {node: '>=16'}
    cpu: [arm64]
    os: [linux]

  '@cloudflare/workerd-windows-64@1.20260708.1':
    resolution: {integrity: sha512-bC/aSAwLy16Vjo24i9XU3aWH+eRgz7NeR5xPKavGbembO18ZywYTQbXh14eXtY6fAqN3RzRG8psijTdhX4xydA==}
    engines: {node: '>=16'}
    cpu: [x64]
    os: [win32]

  '@cspotcode/source-map-support@0.8.1':
    resolution: {integrity: sha512-IchNf6dN4tHoMFIn/7OE8LWZ19Y6q/67Bmf6vnGREv8RSbBVb9LPJxEcnwrcwX6ixSvaiGoomAUvu4YSxXrVgw==}
    engines: {node: '>=12'}

  '@emnapi/runtime@1.11.2':
    resolution: {integrity: sha512-kyOl3X0DuTiT1h2ft8r2fYO8JYtU9a9Xis/zBSiGArNaagCOWx90N1k2wxp18czFDH+OgcWGb5ZP/XMt3dcyPA==}

  '@esbuild/aix-ppc64@0.28.1':
    resolution: {integrity: sha512-Svl7tq8k/08+p6CXPpRjQ1fKX+1odH/BQbb48fV6fj3CWHhsoIOoY87w1oHXm0qEpkIK3ZfVgp0hed3XBXzXMQ==}
    engines: {node: '>=18'}
    cpu: [ppc64]
    os: [aix]

  '@esbuild/android-arm64@0.28.1':
    resolution: {integrity: sha512-34EGEbCIAgosYz6goLcopX6Mo7NyGv9tfwEM2/7Ce2VcVRk568iSvniGWcUXIy7wEDR1wzolcxcriFVrWYcwBg==}
    engines: {node: '>=18'}
    cpu: [arm64]
    os: [android]

  '@esbuild/android-arm@0.28.1':
    resolution: {integrity: sha512-0k2F129Xdio1TdJfzJ8sy1Q47vUD2NnwdhiAf7drUN1EBTfPf4hsFCtmMgu/6m8JSzsBrlmVjudMBQqOfG8usQ==}
    engines: {node: '>=18'}
    cpu: [arm]
    os: [android]

  '@esbuild/android-x64@0.28.1':
    resolution: {integrity: sha512-dbwY7ltSMDWsRatcRpCnES4F+im88OCUgGZjy52shC7GqHRE/cYlxNbB4Z4UpJswpcc4Qxd2oE/ufM0p61IKng==}
    engines: {node: '>=18'}
    cpu: [x64]
    os: [android]

  '@esbuild/darwin-arm64@0.28.1':
    resolution: {integrity: sha512-TZbWkQY7kvTAXbXUT7uVACR5cMHsDiSz9z7ZKAX/RTq/WJEk3QyRr0wZpNhBDX+/0CtdqUIJlOiodQcta6tY3Q==}
    engines: {node: '>=18'}
    cpu: [arm64]
    os: [darwin]

  '@esbuild/darwin-x64@0.28.1':
    resolution: {integrity: sha512-zfdzgK9ACBNZLI/CyHTOx81SyNbM6YXn7rxSgX97VjyiPl9W1i4Ka4fgKECEoFCKGpvBj5qArWIGgQjOwkgskQ==}
    engines: {node: '>=18'}
    cpu: [x64]
    os: [darwin]

  '@esbuild/freebsd-arm64@0.28.1':
    resolution: {integrity: sha512-wG2EA8ENdEI0qhkSZMjfqrdY+ziCYCPMmtZjjIwOmXFjmyzEHn+UUxk5of+SYsjtfs3VpnlC7QLzSI5hY/rOAw==}
    engines: {node: '>=18'}
    cpu: [arm64]
    os: [freebsd]

  '@esbuild/freebsd-x64@0.28.1':
    resolution: {integrity: sha512-i7dZ9vQgnvSCzi/rYCXNgtF/U+eKZNJBzu3eTQbRgHnM7tNSizLOkRFAl3qzVc/Op/u5YkHHa4pf/3DOYHthLQ==}
    engines: {node: '>=18'}
    cpu: [x64]
    os: [freebsd]

  '@esbuild/linux-arm64@0.28.1':
    resolution: {integrity: sha512-yHs+0uc8+nvEAfAfxrWQKK5peSNzBc4PegcMO0EJ2hT71uA7vB8Ihg2e77R2P7SG5uYjPbHlLLmve4LLLRCf0g==}
    engines: {node: '>=18'}
    cpu: [arm64]
    os: [linux]

  '@esbuild/linux-arm@0.28.1':
    resolution: {integrity: sha512-qVXBOHQS+d5Y722GwJzJUtOLlX7km3CraOaGormF1pDtPd2C/l1SHRPgjLunLGe51Sh5YYWKMFDyV4SxgMQYTQ==}
    engines: {node: '>=18'}
    cpu: [arm]
    os: [linux]

  '@esbuild/linux-ia32@0.28.1':
    resolution: {integrity: sha512-d1z4ZuP0ajrfz/FhGT4vv278rX8KnPPJx8i5+AtK7TYbx9Le9F1hyzurZpkEyjkGa9dUGhQow4C1NmeGvqxN2w==}
    engines: {node: '>=18'}
    cpu: [ia32]
    os: [linux]

  '@esbuild/linux-loong64@0.28.1':
    resolution: {integrity: sha512-M5sRjUVZrkm1OAPR3dlOYzNmN+loZKGVi1VUQGrwuqLcbR6qeAz+famMhjASeH3YVKvZz+zT1jlh/keC3Rj/lg==}
    engines: {node: '>=18'}
    cpu: [loong64]
    os: [linux]

  '@esbuild/linux-mips64el@0.28.1':
    resolution: {integrity: sha512-mRObBZeHh2OxcBFPWE/FjylkRgZdYuiTR3vaTozquCGOH14iP9oN4x4Ge81CoIDYQrXmIxpFumJBu5MtZpnQJQ==}
    engines: {node: '>=18'}
    cpu: [mips64el]
    os: [linux]

  '@esbuild/linux-ppc64@0.28.1':
    resolution: {integrity: sha512-slScBsMAb3GFDcdrCgLwZtPYRoH2H/youv10QiZyRjmsP48fznoveWytSgCI/R0ZcUgpc0ZhIUEx6LHts8yrfQ==}
    engines: {node: '>=18'}
    cpu: [ppc64]
    os: [linux]

  '@esbuild/linux-riscv64@0.28.1':
    resolution: {integrity: sha512-kw0owk1o0GFETUJyW0jc0G4Yzs0BHZn0JDZ8JRT088vjJYX777BAs1fDGxAC+q831qOs2DTC96mNsG2opdfyyQ==}
    engines: {node: '>=18'}
    cpu: [riscv64]
    os: [linux]

  '@esbuild/linux-s390x@0.28.1':
    resolution: {integrity: sha512-/lAIjX8aYFRByhh6L5rYtPEDRqa9de/4V/juOXcta5frjvzXO4/sqEtyytse0g3zZFuWu5cDN0MkLz2qRDD2Ag==}
    engines: {node: '>=18'}
    cpu: [s390x]
    os: [linux]

  '@esbuild/linux-x64@0.28.1':
    resolution: {integrity: sha512-u/anNYF2mmVOEDwLtnQ1wOr3EZ9sTNGLWrsYGYwHWzGA3Si84IOkHXlbWTD1NB+9/1lcnweYKO54uhxZydNzfA==}
    engines: {node: '>=18'}
    cpu: [x64]
    os: [linux]

  '@esbuild/netbsd-arm64@0.28.1':
    resolution: {integrity: sha512-oks0DYbLwWMmaakTsCb+zL4E+aHRVLom9IJZOAthMQEPiQmydXHkziYEsGYRx0uNV/IjEKGAV941JzH02pflqw==}
    engines: {node: '>=18'}
    cpu: [arm64]
    os: [netbsd]

  '@esbuild/netbsd-x64@0.28.1':
    resolution: {integrity: sha512-aeL6lAnN89Hz43Mlh1G8ARasbuoYvSITDEx0tHh5b7jJnHcssqgjy9Yx430GDpmCa6OyrKoS0aNRjKundRizGg==}
    engines: {node: '>=18'}
    cpu: [x64]
    os: [netbsd]

  '@esbuild/openbsd-arm64@0.28.1':
    resolution: {integrity: sha512-MEFJe5C3R8pwXdZ5Y21oo6m7ePiS0d9pWucn99O/wvyJZChoIQKrQDxKrGeW8F5+T0okTHesAmDeiHDTIq0V/Q==}
    engines: {node: '>=18'}
    cpu: [arm64]
    os: [openbsd]

  '@esbuild/openbsd-x64@0.28.1':
    resolution: {integrity: sha512-i/ZLIOafE0Z8cI/XANJAixoJL/uRAoS2xOA3rb0xN+KK0K177cMAsQYkzHtBrtMXAKuAc7HGgcWiZ/sRC1Nxgw==}
    engines: {node: '>=18'}
    cpu: [x64]
    os: [openbsd]

  '@esbuild/openharmony-arm64@0.28.1':
    resolution: {integrity: sha512-ge+Z7EXFNt2BO1oAMsVpiQ8EwndV9i1xXerAeTIK7AtPs3bKFXQM7nlRxDSIUIMeueR1CNXxqztLzdNeReKBJg==}
    engines: {node: '>=18'}
    cpu: [arm64]
    os: [openharmony]

  '@esbuild/sunos-x64@0.28.1':
    resolution: {integrity: sha512-BEjgtECkL3vY+SaSQ6nzVfiALUeFxpawyp8Jmf5PtYhf1Ug40N1h/hxlhts+f1FvSvarEigdxS3BlSMI2PJLcQ==}
    engines: {node: '>=18'}
    cpu: [x64]
    os: [sunos]

  '@esbuild/win32-arm64@0.28.1':
    resolution: {integrity: sha512-lCv9eK/H6ZJWbE7bh2nw54CZ9M2nupBxJcTsdk/QQnWkdSjKGuxmmH8/GWrlT1eMmZfn4dGcCjRte397WqfQXA==}
    engines: {node: '>=18'}
    cpu: [arm64]
    os: [win32]

  '@esbuild/win32-ia32@0.28.1':
    resolution: {integrity: sha512-zvb/mB2bSCoJOpoCBgYKKpX6YM6mJBlBUVUtVj41DlZJVEB6/0CKlRYxP5wWl1C1ILiCoAU5wZZ4q1P3qeS6Eg==}
    engines: {node: '>=18'}
    cpu: [ia32]
    os: [win32]

  '@esbuild/win32-x64@0.28.1':
    resolution: {integrity: sha512-bm4Mowrv+GXMlpWX++EcXw/iLyd1o3+bJkC2DkWXYVvgZCqD/bSj9ctZeAMC3cIxgjRVR2Dufaiu4YPxr5gW1A==}
    engines: {node: '>=18'}
    cpu: [x64]
    os: [win32]

  '@img/colour@1.1.0':
    resolution: {integrity: sha512-Td76q7j57o/tLVdgS746cYARfSyxk8iEfRxewL9h4OMzYhbW4TAcppl0mT4eyqXddh6L/jwoM75mo7ixa/pCeQ==}
    engines: {node: '>=18'}

  '@img/sharp-darwin-arm64@0.34.5':
    resolution: {integrity: sha512-imtQ3WMJXbMY4fxb/Ndp6HBTNVtWCUI0WdobyheGf5+ad6xX8VIDO8u2xE4qc/fr08CKG/7dDseFtn6M6g/r3w==}
    engines: {node: ^18.17.0 || ^20.3.0 || >=21.0.0}
    cpu: [arm64]
    os: [darwin]

  '@img/sharp-darwin-x64@0.34.5':
    resolution: {integrity: sha512-YNEFAF/4KQ/PeW0N+r+aVVsoIY0/qxxikF2SWdp+NRkmMB7y9LBZAVqQ4yhGCm/H3H270OSykqmQMKLBhBJDEw==}
    engines: {node: ^18.17.0 || ^20.3.0 || >=21.0.0}
    cpu: [x64]
    os: [darwin]

  '@img/sharp-libvips-darwin-arm64@1.2.4':
    resolution: {integrity: sha512-zqjjo7RatFfFoP0MkQ51jfuFZBnVE2pRiaydKJ1G/rHZvnsrHAOcQALIi9sA5co5xenQdTugCvtb1cuf78Vf4g==}
    cpu: [arm64]
    os: [darwin]

  '@img/sharp-libvips-darwin-x64@1.2.4':
    resolution: {integrity: sha512-1IOd5xfVhlGwX+zXv2N93k0yMONvUlANylbJw1eTah8K/Jtpi15KC+WSiaX/nBmbm2HxRM1gZ0nSdjSsrZbGKg==}
    cpu: [x64]
    os: [darwin]

  '@img/sharp-libvips-linux-arm64@1.2.4':
    resolution: {integrity: sha512-excjX8DfsIcJ10x1Kzr4RcWe1edC9PquDRRPx3YVCvQv+U5p7Yin2s32ftzikXojb1PIFc/9Mt28/y+iRklkrw==}
    cpu: [arm64]
    os: [linux]
    libc: [glibc]

  '@img/sharp-libvips-linux-arm@1.2.4':
    resolution: {integrity: sha512-bFI7xcKFELdiNCVov8e44Ia4u2byA+l3XtsAj+Q8tfCwO6BQ8iDojYdvoPMqsKDkuoOo+X6HZA0s0q11ANMQ8A==}
    cpu: [arm]
    os: [linux]
    libc: [glibc]

  '@img/sharp-libvips-linux-ppc64@1.2.4':
    resolution: {integrity: sha512-FMuvGijLDYG6lW+b/UvyilUWu5Ayu+3r2d1S8notiGCIyYU/76eig1UfMmkZ7vwgOrzKzlQbFSuQfgm7GYUPpA==}
    cpu: [ppc64]
    os: [linux]
    libc: [glibc]

  '@img/sharp-libvips-linux-riscv64@1.2.4':
    resolution: {integrity: sha512-oVDbcR4zUC0ce82teubSm+x6ETixtKZBh/qbREIOcI3cULzDyb18Sr/Wcyx7NRQeQzOiHTNbZFF1UwPS2scyGA==}
    cpu: [riscv64]
    os: [linux]
    libc: [glibc]

  '@img/sharp-libvips-linux-s390x@1.2.4':
    resolution: {integrity: sha512-qmp9VrzgPgMoGZyPvrQHqk02uyjA0/QrTO26Tqk6l4ZV0MPWIW6LTkqOIov+J1yEu7MbFQaDpwdwJKhbJvuRxQ==}
    cpu: [s390x]
    os: [linux]
    libc: [glibc]

  '@img/sharp-libvips-linux-x64@1.2.4':
    resolution: {integrity: sha512-tJxiiLsmHc9Ax1bz3oaOYBURTXGIRDODBqhveVHonrHJ9/+k89qbLl0bcJns+e4t4rvaNBxaEZsFtSfAdquPrw==}
    cpu: [x64]
    os: [linux]
    libc: [glibc]

  '@img/sharp-libvips-linuxmusl-arm64@1.2.4':
    resolution: {integrity: sha512-FVQHuwx1IIuNow9QAbYUzJ+En8KcVm9Lk5+uGUQJHaZmMECZmOlix9HnH7n1TRkXMS0pGxIJokIVB9SuqZGGXw==}
    cpu: [arm64]
    os: [linux]
    libc: [musl]

  '@img/sharp-libvips-linuxmusl-x64@1.2.4':
    resolution: {integrity: sha512-+LpyBk7L44ZIXwz/VYfglaX/okxezESc6UxDSoyo2Ks6Jxc4Y7sGjpgU9s4PMgqgjj1gZCylTieNamqA1MF7Dg==}
    cpu: [x64]
    os: [linux]
    libc: [musl]

  '@img/sharp-linux-arm64@0.34.5':
    resolution: {integrity: sha512-bKQzaJRY/bkPOXyKx5EVup7qkaojECG6NLYswgktOZjaXecSAeCWiZwwiFf3/Y+O1HrauiE3FVsGxFg8c24rZg==}
    engines: {node: ^18.17.0 || ^20.3.0 || >=21.0.0}
    cpu: [arm64]
    os: [linux]
    libc: [glibc]

  '@img/sharp-linux-arm@0.34.5':
    resolution: {integrity: sha512-9dLqsvwtg1uuXBGZKsxem9595+ujv0sJ6Vi8wcTANSFpwV/GONat5eCkzQo/1O6zRIkh0m/8+5BjrRr7jDUSZw==}
    engines: {node: ^18.17.0 || ^20.3.0 || >=21.0.0}
    cpu: [arm]
    os: [linux]
    libc: [glibc]

  '@img/sharp-linux-ppc64@0.34.5':
    resolution: {integrity: sha512-7zznwNaqW6YtsfrGGDA6BRkISKAAE1Jo0QdpNYXNMHu2+0dTrPflTLNkpc8l7MUP5M16ZJcUvysVWWrMefZquA==}
    engines: {node: ^18.17.0 || ^20.3.0 || >=21.0.0}
    cpu: [ppc64]
    os: [linux]
    libc: [glibc]

  '@img/sharp-linux-riscv64@0.34.5':
    resolution: {integrity: sha512-51gJuLPTKa7piYPaVs8GmByo7/U7/7TZOq+cnXJIHZKavIRHAP77e3N2HEl3dgiqdD/w0yUfiJnII77PuDDFdw==}
    engines: {node: ^18.17.0 || ^20.3.0 || >=21.0.0}
    cpu: [riscv64]
    os: [linux]
    libc: [glibc]

  '@img/sharp-linux-s390x@0.34.5':
    resolution: {integrity: sha512-nQtCk0PdKfho3eC5MrbQoigJ2gd1CgddUMkabUj+rBevs8tZ2cULOx46E7oyX+04WGfABgIwmMC0VqieTiR4jg==}
    engines: {node: ^18.17.0 || ^20.3.0 || >=21.0.0}
    cpu: [s390x]
    os: [linux]
    libc: [glibc]

  '@img/sharp-linux-x64@0.34.5':
    resolution: {integrity: sha512-MEzd8HPKxVxVenwAa+JRPwEC7QFjoPWuS5NZnBt6B3pu7EG2Ge0id1oLHZpPJdn3OQK+BQDiw9zStiHBTJQQQQ==}
    engines: {node: ^18.17.0 || ^20.3.0 || >=21.0.0}
    cpu: [x64]
    os: [linux]
    libc: [glibc]

  '@img/sharp-linuxmusl-arm64@0.34.5':
    resolution: {integrity: sha512-fprJR6GtRsMt6Kyfq44IsChVZeGN97gTD331weR1ex1c1rypDEABN6Tm2xa1wE6lYb5DdEnk03NZPqA7Id21yg==}
    engines: {node: ^18.17.0 || ^20.3.0 || >=21.0.0}
    cpu: [arm64]
    os: [linux]
    libc: [musl]

  '@img/sharp-linuxmusl-x64@0.34.5':
    resolution: {integrity: sha512-Jg8wNT1MUzIvhBFxViqrEhWDGzqymo3sV7z7ZsaWbZNDLXRJZoRGrjulp60YYtV4wfY8VIKcWidjojlLcWrd8Q==}
    engines: {node: ^18.17.0 || ^20.3.0 || >=21.0.0}
    cpu: [x64]
    os: [linux]
    libc: [musl]

  '@img/sharp-wasm32@0.34.5':
    resolution: {integrity: sha512-OdWTEiVkY2PHwqkbBI8frFxQQFekHaSSkUIJkwzclWZe64O1X4UlUjqqqLaPbUpMOQk6FBu/HtlGXNblIs0huw==}
    engines: {node: ^18.17.0 || ^20.3.0 || >=21.0.0}
    cpu: [wasm32]

  '@img/sharp-win32-arm64@0.34.5':
    resolution: {integrity: sha512-WQ3AgWCWYSb2yt+IG8mnC6Jdk9Whs7O0gxphblsLvdhSpSTtmu69ZG1Gkb6NuvxsNACwiPV6cNSZNzt0KPsw7g==}
    engines: {node: ^18.17.0 || ^20.3.0 || >=21.0.0}
    cpu: [arm64]
    os: [win32]

  '@img/sharp-win32-ia32@0.34.5':
    resolution: {integrity: sha512-FV9m/7NmeCmSHDD5j4+4pNI8Cp3aW+JvLoXcTUo0IqyjSfAZJ8dIUmijx1qaJsIiU+Hosw6xM5KijAWRJCSgNg==}
    engines: {node: ^18.17.0 || ^20.3.0 || >=21.0.0}
    cpu: [ia32]
    os: [win32]

  '@img/sharp-win32-x64@0.34.5':
    resolution: {integrity: sha512-+29YMsqY2/9eFEiW93eqWnuLcWcufowXewwSNIT6UwZdUUCrM3oFjMWH/Z6/TMmb4hlFenmfAVbpWeup2jryCw==}
    engines: {node: ^18.17.0 || ^20.3.0 || >=21.0.0}
    cpu: [x64]
    os: [win32]

  '@jridgewell/resolve-uri@3.1.2':
    resolution: {integrity: sha512-bRISgCIjP20/tbWSPWMEi54QVPRZExkuD9lJL+UIxUKtwVJA8wW1Trb1jMs1RFXo1CBTNZ/5hpC9QvmKWdopKw==}
    engines: {node: '>=6.0.0'}

  '@jridgewell/sourcemap-codec@1.5.5':
    resolution: {integrity: sha512-cYQ9310grqxueWbl+WuIUIaiUaDcj7WOq5fVhEljNVgRfOUhY9fy2zTvfoqWsnebh8Sl70VScFbICvJnLKB0Og==}

  '@jridgewell/trace-mapping@0.3.9':
    resolution: {integrity: sha512-3Belt6tdc8bPgAtbcmdtNJlirVoTmEb5e2gC94PnkwEW9jI6CAHUeoG85tjWP5WquqfavoMtMwiG4P926ZKKuQ==}

  '@opentelemetry/api-logs@0.219.0':
    resolution: {integrity: sha512-FFx7YnaYJlIjqWW/AG/yAZ0L/NEY724PipXXXQLdtZPbLwBGbUMTGL1i/esI56TWfTUXxhLfpgrnWJCG8aUJyg==}
    engines: {node: '>=8.0.0'}

  '@opentelemetry/api@1.9.1':
    resolution: {integrity: sha512-gLyJlPHPZYdAk1JENA9LeHejZe1Ti77/pTeFm/nMXmQH/HFZlcS/O2XJB+L8fkbrNSqhdtlvjBVjxwUYanNH5Q==}
    engines: {node: '>=8.0.0'}

  '@opentelemetry/core@2.8.0':
    resolution: {integrity: sha512-hd1Lfh8p545nNz+jq1Ejfz+Mn1hyLuxYn1YzTfFNrxr8urEWMNQLPf1Th8kjOH+HxwawCrtgBp8JpBUR4ZSgww==}
    engines: {node: ^18.19.0 || >=20.6.0}
    peerDependencies:
      '@opentelemetry/api': '>=1.0.0 <1.10.0'

  '@opentelemetry/core@2.9.0':
    resolution: {integrity: sha512-m2nckMT80NnmjTYSPjJQObBJ+8dgkoajEOUbznL8AHZ3T3yHRk2P7gI1PhEBc1+lOnrYE9UWrWHqJDsmqjmNbw==}
    engines: {node: ^18.19.0 || >=20.6.0}
    peerDependencies:
      '@opentelemetry/api': '>=1.0.0 <1.10.0'

  '@opentelemetry/exporter-trace-otlp-proto@0.219.0':
    resolution: {integrity: sha512-lF/LUBfhOFmxJa+SQsLN7ziV4MHa2pyKgOM6JNehSOfU+npjM4gwm9oIKEJrzrWcexMcqydiyoFy0XCb1Ql3wQ==}
    engines: {node: ^18.19.0 || >=20.6.0}
    peerDependencies:
      '@opentelemetry/api': ^1.3.0

  '@opentelemetry/otlp-exporter-base@0.219.0':
    resolution: {integrity: sha512-zvIxQX/AZUVKDU+hCuYx+7UkiP7GRdnk1ZbFQRYzHvYp47cAWR4j3IhoPhV9KaeXEv2xdGq3IA6PnpzDmLcmSA==}
    engines: {node: ^18.19.0 || >=20.6.0}
    peerDependencies:
      '@opentelemetry/api': ^1.3.0

  '@opentelemetry/otlp-transformer@0.219.0':
    resolution: {integrity: sha512-aaYKAyXhw9VchKZVGOopD3Gw/kPsyrX2c6IQ0AW32mTjqmZOh5Y6Gf5OYqTNqVktAeBjmFinhyFaCwW6GYK9YQ==}
    engines: {node: ^18.19.0 || >=20.6.0}
    peerDependencies:
      '@opentelemetry/api': ^1.3.0

  '@opentelemetry/resources@2.8.0':
    resolution: {integrity: sha512-qmXQ27ilDbUK/vGMqwL8D4/rhn76C+sherM4wTbjlfknR8Nvfc/hCxjRJPhkzZzUsPiNg16SA31NxMabwttRjg==}
    engines: {node: ^18.19.0 || >=20.6.0}
    peerDependencies:
      '@opentelemetry/api': '>=1.3.0 <1.10.0'

  '@opentelemetry/resources@2.9.0':
    resolution: {integrity: sha512-jyA5MBLQ+Dkl3+JsZkUoUvL7yHvU64kLsvpXKarWm6347Sl1t1bXFTFykUePNpT5WH5pm9a2Qtt03iIYQhZ1Fg==}
    engines: {node: ^18.19.0 || >=20.6.0}
    peerDependencies:
      '@opentelemetry/api': '>=1.3.0 <1.10.0'

  '@opentelemetry/sdk-logs@0.219.0':
    resolution: {integrity: sha512-s6lTKRakaPClvKoWHRChxnXjDMkM/TQ30ff78jN6EBGf7MI7VzANE5PU3f4z9qDUudWjvZjOLHG0rBnBKYvoXA==}
    engines: {node: ^18.19.0 || >=20.6.0}
    peerDependencies:
      '@opentelemetry/api': '>=1.4.0 <1.10.0'

  '@opentelemetry/sdk-metrics@2.8.0':
    resolution: {integrity: sha512-UDBGaj6W0Rgy5rTTaoxs8gVGF/aGkAKyjurJv7se6wjRxJu7FoquTLT/vt54DZfo4crbprYfhX/SOK9+BPw1qg==}
    engines: {node: ^18.19.0 || >=20.6.0}
    peerDependencies:
      '@opentelemetry/api': '>=1.9.0 <1.10.0'

  '@opentelemetry/sdk-trace-base@2.8.0':
    resolution: {integrity: sha512-mhU4jp+vW0mGbFRd+GeXHvmfA4aDqWjBjLC3pE5XMpLs0IE2ryYb019Ts2AQrOq67gaTF25D91+fgvEHDZEnuQ==}
    engines: {node: ^18.19.0 || >=20.6.0}
    peerDependencies:
      '@opentelemetry/api': '>=1.3.0 <1.10.0'

  '@opentelemetry/sdk-trace-base@2.9.0':
    resolution: {integrity: sha512-cp9zmTl62R8PJrpvFcmc8N2JQU/xfa0S+61q511Nji+QxCfZ8Ifvg7H27G8cANe4crg4RTrWsVvanHiXjSp6ag==}
    engines: {node: ^18.19.0 || >=20.6.0}
    peerDependencies:
      '@opentelemetry/api': '>=1.3.0 <1.10.0'

  '@opentelemetry/sdk-trace@2.9.0':
    resolution: {integrity: sha512-sGA19HvtrrSKYsseHphluH6j3p6Xa3fqc7c7y8f/7mYWejc1lyDFcpSdD1kYa50HCLUeEo4zA5bW0pniaPszuw==}
    engines: {node: ^18.19.0 || >=20.6.0}
    peerDependencies:
      '@opentelemetry/api': '>=1.3.0 <1.10.0'

  '@opentelemetry/semantic-conventions@1.42.0':
    resolution: {integrity: sha512-icc5xCzndZfhuJMy5oqk5AvloWquR7jtae74qzpkKkhGp8BivK+oCcEXgGnjCdTfp8hA44l+w8gE8yYJbocJJw==}
    engines: {node: '>=14'}

  '@poppinss/colors@4.1.6':
    resolution: {integrity: sha512-H9xkIdFswbS8n1d6vmRd8+c10t2Qe+rZITbbDHHkQixH5+2x1FDGmi/0K+WgWiqQFKPSlIYB7jlH6Kpfn6Fleg==}

  '@poppinss/dumper@0.6.5':
    resolution: {integrity: sha512-NBdYIb90J7LfOI32dOewKI1r7wnkiH6m920puQ3qHUeZkxNkQiFnXVWoE6YtFSv6QOiPPf7ys6i+HWWecDz7sw==}

  '@poppinss/exception@1.2.3':
    resolution: {integrity: sha512-dCED+QRChTVatE9ibtoaxc+WkdzOSjYTKi/+uacHWIsfodVfpsueo3+DKpgU5Px8qXjgmXkSvhXvSCz3fnP9lw==}

  '@sindresorhus/is@7.2.0':
    resolution: {integrity: sha512-P1Cz1dWaFfR4IR+U13mqqiGsLFf1KbayybWwdd2vfctdV6hDpUkgCY0nKOLLTMSoRd/jJNjtbqzf13K8DCCXQw==}
    engines: {node: '>=18'}

  '@speed-highlight/core@1.2.17':
    resolution: {integrity: sha512-Z92FwKpCtfaW1V0jTU/fh3QzYEZN8wDwrzRIBoADCJfn4mJCNcJN/XegifX7BDrQ8/h9Xh/JnbyMchL0FqXrkg==}

  blake3-wasm@2.1.5:
    resolution: {integrity: sha512-F1+K8EbfOZE49dtoPtmxUQrpXaBIl3ICvasLh+nJta0xkz+9kF/7uet9fLnwKqhDrmj6g+6K3Tw9yQPUg2ka5g==}

  cookie@1.1.1:
    resolution: {integrity: sha512-ei8Aos7ja0weRpFzJnEA9UHJ/7XQmqglbRwnf2ATjcB9Wq874VKH9kfjjirM6UhU2/E5fFYadylyhFldcqSidQ==}
    engines: {node: '>=18'}

  detect-libc@2.1.2:
    resolution: {integrity: sha512-Btj2BOOO83o3WyH59e8MgXsxEQVcarkUOpEYrubB0urwnN10yQ364rsiByU11nZlqWYZm05i/of7io4mzihBtQ==}
    engines: {node: '>=8'}

  error-stack-parser-es@1.0.5:
    resolution: {integrity: sha512-5qucVt2XcuGMcEGgWI7i+yZpmpByQ8J1lHhcL7PwqCwu9FPP3VUXzT4ltHe5i2z9dePwEHcDVOAfSnHsOlCXRA==}

  esbuild@0.28.1:
    resolution: {integrity: sha512-HrJrvZv5ayxBzPfwphOoNzkzOIIlifzk0KJrGK2c8R4+LKpMtpYLQeUdjnwjWv/LZlkH2laZk+4w78pi99D4Vw==}
    engines: {node: '>=18'}
    hasBin: true

  eventemitter3@4.0.7:
    resolution: {integrity: sha512-8guHBZCwKnFhYdHr2ysuRWErTwhoN2X8XELRlrRwpmfeY2jjuUN4taQMsULKUVo1K4DvZl+0pgfyoysHxvmvEw==}

  fsevents@2.3.3:
    resolution: {integrity: sha512-5xoDfX+fL7faATnagmWPpbFtwh/R77WmMMqqHGS65C3vvB0YHrgF+B1YmZ3441tMj5n63k0212XNoJwzlhffQw==}
    engines: {node: ^8.16.0 || ^10.6.0 || >=11.0.0}
    os: [darwin]

  kleur@4.1.5:
    resolution: {integrity: sha512-o+NO+8WrRiQEE4/7nwRJhN1HWpVmJm511pBHUxPLtp0BUISzlBplORYSmTclCnJvQq2tKu/sgl3xVpkc7ZWuQQ==}
    engines: {node: '>=6'}

  langsmith@file:../../..:
    resolution: {directory: ../../.., type: directory}
    peerDependencies:
      '@opentelemetry/api': '*'
      '@opentelemetry/exporter-trace-otlp-proto': '*'
      '@opentelemetry/sdk-trace-base': '*'
      openai: '*'
      ws: 8.21.0
    peerDependenciesMeta:
      '@opentelemetry/api':
        optional: true
      '@opentelemetry/exporter-trace-otlp-proto':
        optional: true
      '@opentelemetry/sdk-trace-base':
        optional: true
      openai:
        optional: true
      ws:
        optional: true

  miniflare@4.20260708.1:
    resolution: {integrity: sha512-c94O9zRDISdqO18EHt6l0iF/fWgWt8p18PJvRsA/L/NJZ9Cfke3s/F5Blg1XXF7WDutVRzWVWy8Vy4LaT5ifsA==}
    engines: {node: '>=22.0.0'}
    hasBin: true

  openai@6.45.0:
    resolution: {integrity: sha512-5DQVNErssk0afNpTTHUm/qZPU4iKR9OYdNid8Ib4puq4gHNNvGWZht2zY4h9a8JMF949Ik6m8gQutllVPbjdnw==}
    peerDependencies:
      '@aws-sdk/credential-provider-node': '>=3.972.0 <4'
      '@smithy/hash-node': '>=4.3.0 <5'
      '@smithy/signature-v4': '>=5.4.0 <6'
      ws: 8.21.0
      zod: ^3.25 || ^4.0
    peerDependenciesMeta:
      '@aws-sdk/credential-provider-node':
        optional: true
      '@smithy/hash-node':
        optional: true
      '@smithy/signature-v4':
        optional: true
      ws:
        optional: true
      zod:
        optional: true

  p-finally@1.0.0:
    resolution: {integrity: sha512-LICb2p9CB7FS+0eR1oqWnHhp0FljGLZCWBE9aix0Uye9W8LTQPwMTYVGWQWIw9RdQiDg4+epXQODwIYJtSJaow==}
    engines: {node: '>=4'}

  p-queue@6.6.2:
    resolution: {integrity: sha512-RwFpb72c/BhQLEXIZ5K2e+AhgNVmIejGlTgiB9MzZ0e93GRvqZ7uSi0dvRF7/XIXDeNkra2fNHBxTyPDGySpjQ==}
    engines: {node: '>=8'}

  p-timeout@3.2.0:
    resolution: {integrity: sha512-rhIwUycgwwKcP9yTOOFK/AKsAopjjCakVqLHePO3CC6Mir1Z99xT+R63jZxAT5lFZLa2inS5h+ZS2GvR99/FBg==}
    engines: {node: '>=8'}

  path-to-regexp@6.3.0:
    resolution: {integrity: sha512-Yhpw4T9C6hPpgPeA28us07OJeqZ5EzQTkbfwuhsUg0c237RomFoETJgmp2sa3F/41gfLE6G5cqcYwznmeEeOlQ==}

  pathe@2.0.3:
    resolution: {integrity: sha512-WUjGcAqP1gQacoQe+OBJsFA7Ld4DyXuUIjZ5cc75cLHvJ7dtNsTugphxIADwspS+AraAUePCKrSVtPLFj/F88w==}

  semver@7.8.5:
    resolution: {integrity: sha512-Y7/KDsb8LjooZpwaqGyulO6DQlksgCncchHGk+sZIY4SBvUocMBEFH5Ur1fI4dV+Jvl0w6cjvucaIi40puRioA==}
    engines: {node: '>=10'}
    hasBin: true

  sharp@0.34.5:
    resolution: {integrity: sha512-Ou9I5Ft9WNcCbXrU9cMgPBcCK8LiwLqcbywW3t4oDV37n1pzpuNLsYiAV8eODnjbtQlSDwZ2cUEeQz4E54Hltg==}
    engines: {node: ^18.17.0 || ^20.3.0 || >=21.0.0}

  supports-color@10.2.2:
    resolution: {integrity: sha512-SS+jx45GF1QjgEXQx4NJZV9ImqmO2NPz5FNsIHrsDjh2YsHnawpan7SNQ1o8NuhrbHZy9AZhIoCUiCeaW/C80g==}
    engines: {node: '>=18'}

  tslib@2.8.1:
    resolution: {integrity: sha512-oJFu94HQb+KVduSUQL7wnpmqnfmLsOA/nAh6b6EH0wCEoK0/mPeXU6c3wKDV83MkOuHPRHtSXKKU99IBazS/2w==}

  undici@7.28.0:
    resolution: {integrity: sha512-cRZYrTDwWznlnRiPjggAGxZXanty6M8RV1ff8Wm4LWXBp7/IG8v5DnOm74DtUBp9OONpK75YlPnIjQqX0dBDtA==}
    engines: {node: '>=20.18.1'}

  unenv@2.0.0-rc.24:
    resolution: {integrity: sha512-i7qRCmY42zmCwnYlh9H2SvLEypEFGye5iRmEMKjcGi7zk9UquigRjFtTLz0TYqr0ZGLZhaMHl/foy1bZR+Cwlw==}

  workerd@1.20260708.1:
    resolution: {integrity: sha512-WAK+Kt/VVCSldH2qSr8lx46XCJ4Q+bdlHNaFqUtOHthBEIB8C1N8HVW+VOLrxDoTCk0NGNv0zajnBeQK4JOB9w==}
    engines: {node: '>=16'}
    hasBin: true

  wrangler@4.110.0:
    resolution: {integrity: sha512-xZeXKYi7hxQRF5anL+v77RkufJNpF9f3Eqeyqq2QBsETpLZgh0Agj0jJ6JPtkbgn6ukZdh8OK5egsGPWIditgg==}
    engines: {node: '>=22.0.0'}
    hasBin: true
    peerDependencies:
      '@cloudflare/workers-types': ^5.20260708.1
    peerDependenciesMeta:
      '@cloudflare/workers-types':
        optional: true

  ws@8.21.0:
    resolution: {integrity: sha512-Vsp28b7DRcimFQvrqu2Wek3z1iYxDCWqHYB8Qsnk/S4RfaCQzPGPyBNuVjJV3cd6UiKtUtp6sNM77gWvzcCH+g==}
    engines: {node: '>=10.0.0'}
    peerDependencies:
      bufferutil: ^4.0.1
      utf-8-validate: '>=5.0.2'
    peerDependenciesMeta:
      bufferutil:
        optional: true
      utf-8-validate:
        optional: true

  youch-core@0.3.3:
    resolution: {integrity: sha512-ho7XuGjLaJ2hWHoK8yFnsUGy2Y5uDpqSTq1FkHLK4/oqKtyUU1AFbOOxY4IpC9f0fTLjwYbslUz0Po5BpD1wrA==}

  youch@4.1.0-beta.10:
    resolution: {integrity: sha512-rLfVLB4FgQneDr0dv1oddCVZmKjcJ6yX6mS4pU82Mq/Dt9a3cLZQ62pDBL4AUO+uVrCvtWz3ZFUL2HFAFJ/BXQ==}

  zod@4.4.3:
    resolution: {integrity: sha512-ytENFjIJFl2UwYglde2jchW2Hwm4GJFLDiSXWdTrJQBIN9Fcyp7n4DhxJEiWNAJMV1/BqWfW/kkg71UDcHJyTQ==}

snapshots:

  '@cloudflare/kv-asset-handler@0.5.0': {}

  '@cloudflare/unenv-preset@2.16.1(unenv@2.0.0-rc.24)(workerd@1.20260708.1)':
    dependencies:
      unenv: 2.0.0-rc.24
    optionalDependencies:
      workerd: 1.20260708.1

  '@cloudflare/workerd-darwin-64@1.20260708.1':
    optional: true

  '@cloudflare/workerd-darwin-arm64@1.20260708.1':
    optional: true

  '@cloudflare/workerd-linux-64@1.20260708.1':
    optional: true

  '@cloudflare/workerd-linux-arm64@1.20260708.1':
    optional: true

  '@cloudflare/workerd-windows-64@1.20260708.1':
    optional: true

  '@cspotcode/source-map-support@0.8.1':
    dependencies:
      '@jridgewell/trace-mapping': 0.3.9

  '@emnapi/runtime@1.11.2':
    dependencies:
      tslib: 2.8.1
    optional: true

  '@esbuild/aix-ppc64@0.28.1':
    optional: true

  '@esbuild/android-arm64@0.28.1':
    optional: true

  '@esbuild/android-arm@0.28.1':
    optional: true

  '@esbuild/android-x64@0.28.1':
    optional: true

  '@esbuild/darwin-arm64@0.28.1':
    optional: true

  '@esbuild/darwin-x64@0.28.1':
    optional: true

  '@esbuild/freebsd-arm64@0.28.1':
    optional: true

  '@esbuild/freebsd-x64@0.28.1':
    optional: true

  '@esbuild/linux-arm64@0.28.1':
    optional: true

  '@esbuild/linux-arm@0.28.1':
    optional: true

  '@esbuild/linux-ia32@0.28.1':
    optional: true

  '@esbuild/linux-loong64@0.28.1':
    optional: true

  '@esbuild/linux-mips64el@0.28.1':
    optional: true

  '@esbuild/linux-ppc64@0.28.1':
    optional: true

  '@esbuild/linux-riscv64@0.28.1':
    optional: true

  '@esbuild/linux-s390x@0.28.1':
    optional: true

  '@esbuild/linux-x64@0.28.1':
    optional: true

  '@esbuild/netbsd-arm64@0.28.1':
    optional: true

  '@esbuild/netbsd-x64@0.28.1':
    optional: true

  '@esbuild/openbsd-arm64@0.28.1':
    optional: true

  '@esbuild/openbsd-x64@0.28.1':
    optional: true

  '@esbuild/openharmony-arm64@0.28.1':
    optional: true

  '@esbuild/sunos-x64@0.28.1':
    optional: true

  '@esbuild/win32-arm64@0.28.1':
    optional: true

  '@esbuild/win32-ia32@0.28.1':
    optional: true

  '@esbuild/win32-x64@0.28.1':
    optional: true

  '@img/colour@1.1.0': {}

  '@img/sharp-darwin-arm64@0.34.5':
    optionalDependencies:
      '@img/sharp-libvips-darwin-arm64': 1.2.4
    optional: true

  '@img/sharp-darwin-x64@0.34.5':
    optionalDependencies:
      '@img/sharp-libvips-darwin-x64': 1.2.4
    optional: true

  '@img/sharp-libvips-darwin-arm64@1.2.4':
    optional: true

  '@img/sharp-libvips-darwin-x64@1.2.4':
    optional: true

  '@img/sharp-libvips-linux-arm64@1.2.4':
    optional: true

  '@img/sharp-libvips-linux-arm@1.2.4':
    optional: true

  '@img/sharp-libvips-linux-ppc64@1.2.4':
    optional: true

  '@img/sharp-libvips-linux-riscv64@1.2.4':
    optional: true

  '@img/sharp-libvips-linux-s390x@1.2.4':
    optional: true

  '@img/sharp-libvips-linux-x64@1.2.4':
    optional: true

  '@img/sharp-libvips-linuxmusl-arm64@1.2.4':
    optional: true

  '@img/sharp-libvips-linuxmusl-x64@1.2.4':
    optional: true

  '@img/sharp-linux-arm64@0.34.5':
    optionalDependencies:
      '@img/sharp-libvips-linux-arm64': 1.2.4
    optional: true

  '@img/sharp-linux-arm@0.34.5':
    optionalDependencies:
      '@img/sharp-libvips-linux-arm': 1.2.4
    optional: true

  '@img/sharp-linux-ppc64@0.34.5':
    optionalDependencies:
      '@img/sharp-libvips-linux-ppc64': 1.2.4
    optional: true

  '@img/sharp-linux-riscv64@0.34.5':
    optionalDependencies:
      '@img/sharp-libvips-linux-riscv64': 1.2.4
    optional: true

  '@img/sharp-linux-s390x@0.34.5':
    optionalDependencies:
      '@img/sharp-libvips-linux-s390x': 1.2.4
    optional: true

  '@img/sharp-linux-x64@0.34.5':
    optionalDependencies:
      '@img/sharp-libvips-linux-x64': 1.2.4
    optional: true

  '@img/sharp-linuxmusl-arm64@0.34.5':
    optionalDependencies:
      '@img/sharp-libvips-linuxmusl-arm64': 1.2.4
    optional: true

  '@img/sharp-linuxmusl-x64@0.34.5':
    optionalDependencies:
      '@img/sharp-libvips-linuxmusl-x64': 1.2.4
    optional: true

  '@img/sharp-wasm32@0.34.5':
    dependencies:
      '@emnapi/runtime': 1.11.2
    optional: true

  '@img/sharp-win32-arm64@0.34.5':
    optional: true

  '@img/sharp-win32-ia32@0.34.5':
    optional: true

  '@img/sharp-win32-x64@0.34.5':
    optional: true

  '@jridgewell/resolve-uri@3.1.2': {}

  '@jridgewell/sourcemap-codec@1.5.5': {}

  '@jridgewell/trace-mapping@0.3.9':
    dependencies:
      '@jridgewell/resolve-uri': 3.1.2
      '@jridgewell/sourcemap-codec': 1.5.5

  '@opentelemetry/api-logs@0.219.0':
    dependencies:
      '@opentelemetry/api': 1.9.1
    optional: true

  '@opentelemetry/api@1.9.1':
    optional: true

  '@opentelemetry/core@2.8.0(@opentelemetry/api@1.9.1)':
    dependencies:
      '@opentelemetry/api': 1.9.1
      '@opentelemetry/semantic-conventions': 1.42.0
    optional: true

  '@opentelemetry/core@2.9.0(@opentelemetry/api@1.9.1)':
    dependencies:
      '@opentelemetry/api': 1.9.1
      '@opentelemetry/semantic-conventions': 1.42.0
    optional: true

  '@opentelemetry/exporter-trace-otlp-proto@0.219.0(@opentelemetry/api@1.9.1)':
    dependencies:
      '@opentelemetry/api': 1.9.1
      '@opentelemetry/core': 2.8.0(@opentelemetry/api@1.9.1)
      '@opentelemetry/otlp-exporter-base': 0.219.0(@opentelemetry/api@1.9.1)
      '@opentelemetry/otlp-transformer': 0.219.0(@opentelemetry/api@1.9.1)
      '@opentelemetry/resources': 2.8.0(@opentelemetry/api@1.9.1)
      '@opentelemetry/sdk-trace-base': 2.8.0(@opentelemetry/api@1.9.1)
    optional: true

  '@opentelemetry/otlp-exporter-base@0.219.0(@opentelemetry/api@1.9.1)':
    dependencies:
      '@opentelemetry/api': 1.9.1
      '@opentelemetry/core': 2.8.0(@opentelemetry/api@1.9.1)
      '@opentelemetry/otlp-transformer': 0.219.0(@opentelemetry/api@1.9.1)
    optional: true

  '@opentelemetry/otlp-transformer@0.219.0(@opentelemetry/api@1.9.1)':
    dependencies:
      '@opentelemetry/api': 1.9.1
      '@opentelemetry/api-logs': 0.219.0
      '@opentelemetry/core': 2.8.0(@opentelemetry/api@1.9.1)
      '@opentelemetry/resources': 2.8.0(@opentelemetry/api@1.9.1)
      '@opentelemetry/sdk-logs': 0.219.0(@opentelemetry/api@1.9.1)
      '@opentelemetry/sdk-metrics': 2.8.0(@opentelemetry/api@1.9.1)
      '@opentelemetry/sdk-trace-base': 2.8.0(@opentelemetry/api@1.9.1)
    optional: true

  '@opentelemetry/resources@2.8.0(@opentelemetry/api@1.9.1)':
    dependencies:
      '@opentelemetry/api': 1.9.1
      '@opentelemetry/core': 2.8.0(@opentelemetry/api@1.9.1)
      '@opentelemetry/semantic-conventions': 1.42.0
    optional: true

  '@opentelemetry/resources@2.9.0(@opentelemetry/api@1.9.1)':
    dependencies:
      '@opentelemetry/api': 1.9.1
      '@opentelemetry/core': 2.9.0(@opentelemetry/api@1.9.1)
      '@opentelemetry/semantic-conventions': 1.42.0
    optional: true

  '@opentelemetry/sdk-logs@0.219.0(@opentelemetry/api@1.9.1)':
    dependencies:
      '@opentelemetry/api': 1.9.1
      '@opentelemetry/api-logs': 0.219.0
      '@opentelemetry/core': 2.8.0(@opentelemetry/api@1.9.1)
      '@opentelemetry/resources': 2.8.0(@opentelemetry/api@1.9.1)
      '@opentelemetry/semantic-conventions': 1.42.0
    optional: true

  '@opentelemetry/sdk-metrics@2.8.0(@opentelemetry/api@1.9.1)':
    dependencies:
      '@opentelemetry/api': 1.9.1
      '@opentelemetry/core': 2.8.0(@opentelemetry/api@1.9.1)
      '@opentelemetry/resources': 2.8.0(@opentelemetry/api@1.9.1)
    optional: true

  '@opentelemetry/sdk-trace-base@2.8.0(@opentelemetry/api@1.9.1)':
    dependencies:
      '@opentelemetry/api': 1.9.1
      '@opentelemetry/core': 2.8.0(@opentelemetry/api@1.9.1)
      '@opentelemetry/resources': 2.8.0(@opentelemetry/api@1.9.1)
      '@opentelemetry/semantic-conventions': 1.42.0
    optional: true

  '@opentelemetry/sdk-trace-base@2.9.0(@opentelemetry/api@1.9.1)':
    dependencies:
      '@opentelemetry/api': 1.9.1
      '@opentelemetry/core': 2.9.0(@opentelemetry/api@1.9.1)
      '@opentelemetry/resources': 2.9.0(@opentelemetry/api@1.9.1)
      '@opentelemetry/sdk-trace': 2.9.0(@opentelemetry/api@1.9.1)
      '@opentelemetry/semantic-conventions': 1.42.0
    optional: true

  '@opentelemetry/sdk-trace@2.9.0(@opentelemetry/api@1.9.1)':
    dependencies:
      '@opentelemetry/api': 1.9.1
      '@opentelemetry/core': 2.9.0(@opentelemetry/api@1.9.1)
      '@opentelemetry/resources': 2.9.0(@opentelemetry/api@1.9.1)
      '@opentelemetry/semantic-conventions': 1.42.0
    optional: true

  '@opentelemetry/semantic-conventions@1.42.0':
    optional: true

  '@poppinss/colors@4.1.6':
    dependencies:
      kleur: 4.1.5

  '@poppinss/dumper@0.6.5':
    dependencies:
      '@poppinss/colors': 4.1.6
      '@sindresorhus/is': 7.2.0
      supports-color: 10.2.2

  '@poppinss/exception@1.2.3': {}

  '@sindresorhus/is@7.2.0': {}

  '@speed-highlight/core@1.2.17': {}

  blake3-wasm@2.1.5: {}

  cookie@1.1.1: {}

  detect-libc@2.1.2: {}

  error-stack-parser-es@1.0.5: {}

  esbuild@0.28.1:
    optionalDependencies:
      '@esbuild/aix-ppc64': 0.28.1
      '@esbuild/android-arm': 0.28.1
      '@esbuild/android-arm64': 0.28.1
      '@esbuild/android-x64': 0.28.1
      '@esbuild/darwin-arm64': 0.28.1
      '@esbuild/darwin-x64': 0.28.1
      '@esbuild/freebsd-arm64': 0.28.1
      '@esbuild/freebsd-x64': 0.28.1
      '@esbuild/linux-arm': 0.28.1
      '@esbuild/linux-arm64': 0.28.1
      '@esbuild/linux-ia32': 0.28.1
      '@esbuild/linux-loong64': 0.28.1
      '@esbuild/linux-mips64el': 0.28.1
      '@esbuild/linux-ppc64': 0.28.1
      '@esbuild/linux-riscv64': 0.28.1
      '@esbuild/linux-s390x': 0.28.1
      '@esbuild/linux-x64': 0.28.1
      '@esbuild/netbsd-arm64': 0.28.1
      '@esbuild/netbsd-x64': 0.28.1
      '@esbuild/openbsd-arm64': 0.28.1
      '@esbuild/openbsd-x64': 0.28.1
      '@esbuild/openharmony-arm64': 0.28.1
      '@esbuild/sunos-x64': 0.28.1
      '@esbuild/win32-arm64': 0.28.1
      '@esbuild/win32-ia32': 0.28.1
      '@esbuild/win32-x64': 0.28.1

  eventemitter3@4.0.7: {}

  fsevents@2.3.3:
    optional: true

  kleur@4.1.5: {}

  langsmith@file:../../..(@opentelemetry/api@1.9.1)(@opentelemetry/exporter-trace-otlp-proto@0.219.0(@opentelemetry/api@1.9.1))(@opentelemetry/sdk-trace-base@2.9.0(@opentelemetry/api@1.9.1))(openai@6.45.0(ws@8.21.0)(zod@4.4.3))(ws@8.21.0):
    dependencies:
      p-queue: 6.6.2
    optionalDependencies:
      '@opentelemetry/api': 1.9.1
      '@opentelemetry/exporter-trace-otlp-proto': 0.219.0(@opentelemetry/api@1.9.1)
      '@opentelemetry/sdk-trace-base': 2.9.0(@opentelemetry/api@1.9.1)
      openai: 6.45.0(ws@8.21.0)(zod@4.4.3)
      ws: 8.21.0

  miniflare@4.20260708.1:
    dependencies:
      '@cspotcode/source-map-support': 0.8.1
      sharp: 0.34.5
      undici: 7.28.0
      workerd: 1.20260708.1
      ws: 8.21.0
      youch: 4.1.0-beta.10
    transitivePeerDependencies:
      - bufferutil
      - utf-8-validate

  openai@6.45.0(ws@8.21.0)(zod@4.4.3):
    optionalDependencies:
      ws: 8.21.0
      zod: 4.4.3
    optional: true

  p-finally@1.0.0: {}

  p-queue@6.6.2:
    dependencies:
      eventemitter3: 4.0.7
      p-timeout: 3.2.0

  p-timeout@3.2.0:
    dependencies:
      p-finally: 1.0.0

  path-to-regexp@6.3.0: {}

  pathe@2.0.3: {}

  semver@7.8.5: {}

  sharp@0.34.5:
    dependencies:
      '@img/colour': 1.1.0
      detect-libc: 2.1.2
      semver: 7.8.5
    optionalDependencies:
      '@img/sharp-darwin-arm64': 0.34.5
      '@img/sharp-darwin-x64': 0.34.5
      '@img/sharp-libvips-darwin-arm64': 1.2.4
      '@img/sharp-libvips-darwin-x64': 1.2.4
      '@img/sharp-libvips-linux-arm': 1.2.4
      '@img/sharp-libvips-linux-arm64': 1.2.4
      '@img/sharp-libvips-linux-ppc64': 1.2.4
      '@img/sharp-libvips-linux-riscv64': 1.2.4
      '@img/sharp-libvips-linux-s390x': 1.2.4
      '@img/sharp-libvips-linux-x64': 1.2.4
      '@img/sharp-libvips-linuxmusl-arm64': 1.2.4
      '@img/sharp-libvips-linuxmusl-x64': 1.2.4
      '@img/sharp-linux-arm': 0.34.5
      '@img/sharp-linux-arm64': 0.34.5
      '@img/sharp-linux-ppc64': 0.34.5
      '@img/sharp-linux-riscv64': 0.34.5
      '@img/sharp-linux-s390x': 0.34.5
      '@img/sharp-linux-x64': 0.34.5
      '@img/sharp-linuxmusl-arm64': 0.34.5
      '@img/sharp-linuxmusl-x64': 0.34.5
      '@img/sharp-wasm32': 0.34.5
      '@img/sharp-win32-arm64': 0.34.5
      '@img/sharp-win32-ia32': 0.34.5
      '@img/sharp-win32-x64': 0.34.5

  supports-color@10.2.2: {}

  tslib@2.8.1:
    optional: true

  undici@7.28.0: {}

  unenv@2.0.0-rc.24:
    dependencies:
      pathe: 2.0.3

  workerd@1.20260708.1:
    optionalDependencies:
      '@cloudflare/workerd-darwin-64': 1.20260708.1
      '@cloudflare/workerd-darwin-arm64': 1.20260708.1
      '@cloudflare/workerd-linux-64': 1.20260708.1
      '@cloudflare/workerd-linux-arm64': 1.20260708.1
      '@cloudflare/workerd-windows-64': 1.20260708.1

  wrangler@4.110.0:
    dependencies:
      '@cloudflare/kv-asset-handler': 0.5.0
      '@cloudflare/unenv-preset': 2.16.1(unenv@2.0.0-rc.24)(workerd@1.20260708.1)
      blake3-wasm: 2.1.5
      esbuild: 0.28.1
      miniflare: 4.20260708.1
      path-to-regexp: 6.3.0
      unenv: 2.0.0-rc.24
      workerd: 1.20260708.1
    optionalDependencies:
      fsevents: 2.3.3
    transitivePeerDependencies:
      - bufferutil
      - utf-8-validate

  ws@8.21.0: {}

  youch-core@0.3.3:
    dependencies:
      '@poppinss/exception': 1.2.3
      error-stack-parser-es: 1.0.5

  youch@4.1.0-beta.10:
    dependencies:
      '@poppinss/colors': 4.1.6
      '@poppinss/dumper': 0.6.5
      '@speed-highlight/core': 1.2.17
      cookie: 1.1.1
      youch-core: 0.3.3

  zod@4.4.3:
    optional: true
